
Microsoft Visual Studio Solution File, Format Version 12.00
# Visual Studio Version 17
VisualStudioVersion = 17.0.31903.59
MinimumVisualStudioVersion = 10.0.40219.1
Project("{FAE04EC0-301F-11D3-BF4B-00C04F79EFBC}") = "StudyPerformance.API", "StudyPerformance.API\StudyPerformance.API.csproj", "{49A229F2-D151-4457-8E39-EC84EA72BF09}"
EndProject
Project("{FAE04EC0-301F-11D3-BF4B-00C04F79EFBC}") = "StudyPerformance.Application", "StudyPerformance.Application\StudyPerformance.Application.csproj", "{1AAB9A2E-9E70-43BC-9AA4-E7559B540543}"
EndProject
Project("{FAE04EC0-301F-11D3-BF4B-00C04F79EFBC}") = "StudyPerformance.Domain", "StudyPerformance.Domain\StudyPerformance.Domain.csproj", "{E17BF0E3-207A-4D6C-B3BB-E6BB2B2DAAE5}"
EndProject
Project("{FAE04EC0-301F-11D3-BF4B-00C04F79EFBC}") = "StudyPerformance.Infrastructure", "StudyPerformance.Infrastructure\StudyPerformance.Infrastructure.csproj", "{DD9EDA55-C6BC-4BB6-A3C1-4C015C476475}"
EndProject
Project("{FAE04EC0-301F-11D3-BF4B-00C04F79EFBC}") = "StudyPerformance.Tests", "StudyPerformance.Tests\StudyPerformance.Tests.csproj", "{EB4E29D3-ECFE-481C-A679-29FFA7EBB43B}"
EndProject
Global
	GlobalSection(SolutionConfigurationPlatforms) = preSolution
		Debug|Any CPU = Debug|Any CPU
		Debug|x64 = Debug|x64
		Debug|x86 = Debug|x86
		Release|Any CPU = Release|Any CPU
		Release|x64 = Release|x64
		Release|x86 = Release|x86
	EndGlobalSection
	GlobalSection(ProjectConfigurationPlatforms) = postSolution
		{49A229F2-D151-4457-8E39-EC84EA72BF09}.Debug|Any CPU.ActiveCfg = Debug|Any CPU
		{49A229F2-D151-4457-8E39-EC84EA72BF09}.Debug|Any CPU.Build.0 = Debug|Any CPU
		{49A229F2-D151-4457-8E39-EC84EA72BF09}.Debug|x64.ActiveCfg = Debug|Any CPU
		{49A229F2-D151-4457-8E39-EC84EA72BF09}.Debug|x64.Build.0 = Debug|Any CPU
		{49A229F2-D151-4457-8E39-EC84EA72BF09}.Debug|x86.ActiveCfg = Debug|Any CPU
		{49A229F2-D151-4457-8E39-EC84EA72BF09}.Debug|x86.Build.0 = Debug|Any CPU
		{49A229F2-D151-4457-8E39-EC84EA72BF09}.Release|Any CPU.ActiveCfg = Release|Any CPU
		{49A229F2-D151-4457-8E39-EC84EA72BF09}.Release|Any CPU.Build.0 = Release|Any CPU
		{49A229F2-D151-4457-8E39-EC84EA72BF09}.Release|x64.ActiveCfg = Release|Any CPU
		{49A229F2-D151-4457-8E39-EC84EA72BF09}.Release|x64.Build.0 = Release|Any CPU
		{49A229F2-D151-4457-8E39-EC84EA72BF09}.Release|x86.ActiveCfg = Release|Any CPU
		{49A229F2-D151-4457-8E39-EC84EA72BF09}.Release|x86.Build.0 = Release|Any CPU
		{1AAB9A2E-9E70-43BC-9AA4-E7559B540543}.Debug|Any CPU.ActiveCfg = Debug|Any CPU
		{1AAB9A2E-9E70-43BC-9AA4-E7559B540543}.Debug|Any CPU.Build.0 = Debug|Any CPU
		{1AAB9A2E-9E70-43BC-9AA4-E7559B540543}.Debug|x64.ActiveCfg = Debug|Any CPU
		{1AAB9A2E-9E70-43BC-9AA4-E7559B540543}.Debug|x64.Build.0 = Debug|Any CPU
		{1AAB9A2E-9E70-43BC-9AA4-E7559B540543}.Debug|x86.ActiveCfg = Debug|Any CPU
		{1AAB9A2E-9E70-43BC-9AA4-E7559B540543}.Debug|x86.Build.0 = Debug|Any CPU
		{1AAB9A2E-9E70-43BC-9AA4-E7559B540543}.Release|Any CPU.ActiveCfg = Release|Any CPU
		{1AAB9A2E-9E70-43BC-9AA4-E7559B540543}.Release|Any CPU.Build.0 = Release|Any CPU
		{1AAB9A2E-9E70-43BC-9AA4-E7559B540543}.Release|x64.ActiveCfg = Release|Any CPU
		{1AAB9A2E-9E70-43BC-9AA4-E7559B540543}.Release|x64.Build.0 = Release|Any CPU
		{1AAB9A2E-9E70-43BC-9AA4-E7559B540543}.Release|x86.ActiveCfg = Release|Any CPU
		{1AAB9A2E-9E70-43BC-9AA4-E7559B540543}.Release|x86.Build.0 = Release|Any CPU
		{E17BF0E3-207A-4D6C-B3BB-E6BB2B2DAAE5}.Debug|Any CPU.ActiveCfg = Debug|Any CPU
		{E17BF0E3-207A-4D6C-B3BB-E6BB2B2DAAE5}.Debug|Any CPU.Build.0 = Debug|Any CPU
		{E17BF0E3-207A-4D6C-B3BB-E6BB2B2DAAE5}.Debug|x64.ActiveCfg = Debug|Any CPU
		{E17BF0E3-207A-4D6C-B3BB-E6BB2B2DAAE5}.Debug|x64.Build.0 = Debug|Any CPU
		{E17BF0E3-207A-4D6C-B3BB-E6BB2B2DAAE5}.Debug|x86.ActiveCfg = Debug|Any CPU
		{E17BF0E3-207A-4D6C-B3BB-E6BB2B2DAAE5}.Debug|x86.Build.0 = Debug|Any CPU
		{E17BF0E3-207A-4D6C-B3BB-E6BB2B2DAAE5}.Release|Any CPU.ActiveCfg = Release|Any CPU
		{E17BF0E3-207A-4D6C-B3BB-E6BB2B2DAAE5}.Release|Any CPU.Build.0 = Release|Any CPU
		{E17BF0E3-207A-4D6C-B3BB-E6BB2B2DAAE5}.Release|x64.ActiveCfg = Release|Any CPU
		{E17BF0E3-207A-4D6C-B3BB-E6BB2B2DAAE5}.Release|x64.Build.0 = Release|Any CPU
		{E17BF0E3-207A-4D6C-B3BB-E6BB2B2DAAE5}.Release|x86.ActiveCfg = Release|Any CPU
		{E17BF0E3-207A-4D6C-B3BB-E6BB2B2DAAE5}.Release|x86.Build.0 = Release|Any CPU
		{DD9EDA55-C6BC-4BB6-A3C1-4C015C476475}.Debug|Any CPU.ActiveCfg = Debug|Any CPU
		{DD9EDA55-C6BC-4BB6-A3C1-4C015C476475}.Debug|Any CPU.Build.0 = Debug|Any CPU
		{DD9EDA55-C6BC-4BB6-A3C1-4C015C476475}.Debug|x64.ActiveCfg = Debug|Any CPU
		{DD9EDA55-C6BC-4BB6-A3C1-4C015C476475}.Debug|x64.Build.0 = Debug|Any CPU
		{DD9EDA55-C6BC-4BB6-A3C1-4C015C476475}.Debug|x86.ActiveCfg = Debug|Any CPU
		{DD9EDA55-C6BC-4BB6-A3C1-4C015C476475}.Debug|x86.Build.0 = Debug|Any CPU
		{DD9EDA55-C6BC-4BB6-A3C1-4C015C476475}.Release|Any CPU.ActiveCfg = Release|Any CPU
		{DD9EDA55-C6BC-4BB6-A3C1-4C015C476475}.Release|Any CPU.Build.0 = Release|Any CPU
		{DD9EDA55-C6BC-4BB6-A3C1-4C015C476475}.Release|x64.ActiveCfg = Release|Any CPU
		{DD9EDA55-C6BC-4BB6-A3C1-4C015C476475}.Release|x64.Build.0 = Release|Any CPU
		{DD9EDA55-C6BC-4BB6-A3C1-4C015C476475}.Release|x86.ActiveCfg = Release|Any CPU
		{DD9EDA55-C6BC-4BB6-A3C1-4C015C476475}.Release|x86.Build.0 = Release|Any CPU
		{EB4E29D3-ECFE-481C-A679-29FFA7EBB43B}.Debug|Any CPU.ActiveCfg = Debug|Any CPU
		{EB4E29D3-ECFE-481C-A679-29FFA7EBB43B}.Debug|Any CPU.Build.0 = Debug|Any CPU
		{EB4E29D3-ECFE-481C-A679-29FFA7EBB43B}.Debug|x64.ActiveCfg = Debug|Any CPU
		{EB4E29D3-ECFE-481C-A679-29FFA7EBB43B}.Debug|x64.Build.0 = Debug|Any CPU
		{EB4E29D3-ECFE-481C-A679-29FFA7EBB43B}.Debug|x86.ActiveCfg = Debug|Any CPU
		{EB4E29D3-ECFE-481C-A679-29FFA7EBB43B}.Debug|x86.Build.0 = Debug|Any CPU
		{EB4E29D3-ECFE-481C-A679-29FFA7EBB43B}.Release|Any CPU.ActiveCfg = Release|Any CPU
		{EB4E29D3-ECFE-481C-A679-29FFA7EBB43B}.Release|Any CPU.Build.0 = Release|Any CPU
		{EB4E29D3-ECFE-481C-A679-29FFA7EBB43B}.Release|x64.ActiveCfg = Release|Any CPU
		{EB4E29D3-ECFE-481C-A679-29FFA7EBB43B}.Release|x64.Build.0 = Release|Any CPU
		{EB4E29D3-ECFE-481C-A679-29FFA7EBB43B}.Release|x86.ActiveCfg = Release|Any CPU
		{EB4E29D3-ECFE-481C-A679-29FFA7EBB43B}.Release|x86.Build.0 = Release|Any CPU
	EndGlobalSection
	GlobalSection(SolutionProperties) = preSolution
		HideSolutionNode = FALSE
	EndGlobalSection
EndGlobal
